
Microsoft Visual Studio Solution File, Format Version 12.00
# Visual Studio Version 16
VisualStudioVersion = 16.0.32630.194
MinimumVisualStudioVersion = 10.0.40219.1
Project("{FAE04EC0-301F-11D3-BF4B-00C04F79EFBC}") = "DLL_ACADEMIC_NAUSEA", "DLL_ACADEMIC_NAUSEA.csproj", "{92C2DDBA-136B-4D23-BD76-937CA32D3D74}"
EndProject
Global
	GlobalSection(SolutionConfigurationPlatforms) = preSolution
		Debug|Any CPU = Debug|Any CPU
		Release|Any CPU = Release|Any CPU
	EndGlobalSection
	GlobalSection(ProjectConfigurationPlatforms) = postSolution
		{92C2DDBA-136B-4D23-BD76-937CA32D3D74}.Debug|Any CPU.ActiveCfg = Debug|Any CPU
		{92C2DDBA-136B-4D23-BD76-937CA32D3D74}.Debug|Any CPU.Build.0 = Debug|Any CPU
		{92C2DDBA-136B-4D23-BD76-937CA32D3D74}.Release|Any CPU.ActiveCfg = Release|Any CPU
		{92C2DDBA-136B-4D23-BD76-937CA32D3D74}.Release|Any CPU.Build.0 = Release|Any CPU
	EndGlobalSection
	GlobalSection(SolutionProperties) = preSolution
		HideSolutionNode = FALSE
	EndGlobalSection
	GlobalSection(ExtensibilityGlobals) = postSolution
		SolutionGuid = {DBCAF5CA-4F8E-46E0-8625-A055E3A2C532}
	EndGlobalSection
EndGlobal
